
Microsoft Visual Studio Solution File, Format Version 12.00
# Visual Studio Version 17
VisualStudioVersion = 17.13.35931.197 d17.13
MinimumVisualStudioVersion = 10.0.40219.1
Project("{FAE04EC0-301F-11D3-BF4B-00C04F79EFBC}") = "BankManagemetUsingOops", "BankManagemetUsingOops\BankManagemetUsingOops.csproj", "{A351B302-D781-46BA-97F7-8F9E82562D47}"
EndProject
Global
	GlobalSection(SolutionConfigurationPlatforms) = preSolution
		Debug|Any CPU = Debug|Any CPU
		Release|Any CPU = Release|Any CPU
	EndGlobalSection
	GlobalSection(ProjectConfigurationPlatforms) = postSolution
		{A351B302-D781-46BA-97F7-8F9E82562D47}.Debug|Any CPU.ActiveCfg = Debug|Any CPU
		{A351B302-D781-46BA-97F7-8F9E82562D47}.Debug|Any CPU.Build.0 = Debug|Any CPU
		{A351B302-D781-46BA-97F7-8F9E82562D47}.Release|Any CPU.ActiveCfg = Release|Any CPU
		{A351B302-D781-46BA-97F7-8F9E82562D47}.Release|Any CPU.Build.0 = Release|Any CPU
	EndGlobalSection
	GlobalSection(SolutionProperties) = preSolution
		HideSolutionNode = FALSE
	EndGlobalSection
	GlobalSection(ExtensibilityGlobals) = postSolution
		SolutionGuid = {8CDA7F4D-E088-419A-9612-335F3E70208E}
	EndGlobalSection
EndGlobal
