
Microsoft Visual Studio Solution File, Format Version 12.00
# Visual Studio Version 17
VisualStudioVersion = 17.13.35931.197 d17.13
MinimumVisualStudioVersion = 10.0.40219.1
Project("{FAE04EC0-301F-11D3-BF4B-00C04F79EFBC}") = "ToDoItem", "ToDoItem\ToDoItem.csproj", "{047B35D1-D7F8-4C39-8832-EF878254C2B3}"
EndProject
Global
	GlobalSection(SolutionConfigurationPlatforms) = preSolution
		Debug|Any CPU = Debug|Any CPU
		Release|Any CPU = Release|Any CPU
	EndGlobalSection
	GlobalSection(ProjectConfigurationPlatforms) = postSolution
		{047B35D1-D7F8-4C39-8832-EF878254C2B3}.Debug|Any CPU.ActiveCfg = Debug|Any CPU
		{047B35D1-D7F8-4C39-8832-EF878254C2B3}.Debug|Any CPU.Build.0 = Debug|Any CPU
		{047B35D1-D7F8-4C39-8832-EF878254C2B3}.Release|Any CPU.ActiveCfg = Release|Any CPU
		{047B35D1-D7F8-4C39-8832-EF878254C2B3}.Release|Any CPU.Build.0 = Release|Any CPU
	EndGlobalSection
	GlobalSection(SolutionProperties) = preSolution
		HideSolutionNode = FALSE
	EndGlobalSection
	GlobalSection(ExtensibilityGlobals) = postSolution
		SolutionGuid = {A5265611-C274-4145-8A0C-7AEBF66D83D9}
	EndGlobalSection
EndGlobal
