
Microsoft Visual Studio Solution File, Format Version 12.00
# Visual Studio Version 17
VisualStudioVersion = 17.13.35931.197 d17.13
MinimumVisualStudioVersion = 10.0.40219.1
Project("{FAE04EC0-301F-11D3-BF4B-00C04F79EFBC}") = "BankManagementMvcApp", "BankManagementMvcApp\BankManagementMvcApp.csproj", "{44C93CAC-FE35-4518-913B-DEF1942291E8}"
EndProject
Global
	GlobalSection(SolutionConfigurationPlatforms) = preSolution
		Debug|Any CPU = Debug|Any CPU
		Release|Any CPU = Release|Any CPU
	EndGlobalSection
	GlobalSection(ProjectConfigurationPlatforms) = postSolution
		{44C93CAC-FE35-4518-913B-DEF1942291E8}.Debug|Any CPU.ActiveCfg = Debug|Any CPU
		{44C93CAC-FE35-4518-913B-DEF1942291E8}.Debug|Any CPU.Build.0 = Debug|Any CPU
		{44C93CAC-FE35-4518-913B-DEF1942291E8}.Release|Any CPU.ActiveCfg = Release|Any CPU
		{44C93CAC-FE35-4518-913B-DEF1942291E8}.Release|Any CPU.Build.0 = Release|Any CPU
	EndGlobalSection
	GlobalSection(SolutionProperties) = preSolution
		HideSolutionNode = FALSE
	EndGlobalSection
	GlobalSection(ExtensibilityGlobals) = postSolution
		SolutionGuid = {DA342AA8-A8B0-4169-9180-088897EC8B99}
	EndGlobalSection
EndGlobal
